
Microsoft Visual Studio Solution File, Format Version 12.00
# Visual Studio Version 17
VisualStudioVersion = 17.5.33516.290
MinimumVisualStudioVersion = 10.0.40219.1
Project("{FAE04EC0-301F-11D3-BF4B-00C04F79EFBC}") = "PopCornAndCritics", "PopCornAndCritics\PopCornAndCritics.csproj", "{3F9D9BED-C997-4A58-9AFF-69B0FBA0C0B9}"
EndProject
Global
	GlobalSection(SolutionConfigurationPlatforms) = preSolution
		Debug|Any CPU = Debug|Any CPU
		Release|Any CPU = Release|Any CPU
	EndGlobalSection
	GlobalSection(ProjectConfigurationPlatforms) = postSolution
		{3F9D9BED-C997-4A58-9AFF-69B0FBA0C0B9}.Debug|Any CPU.ActiveCfg = Debug|Any CPU
		{3F9D9BED-C997-4A58-9AFF-69B0FBA0C0B9}.Debug|Any CPU.Build.0 = Debug|Any CPU
		{3F9D9BED-C997-4A58-9AFF-69B0FBA0C0B9}.Release|Any CPU.ActiveCfg = Release|Any CPU
		{3F9D9BED-C997-4A58-9AFF-69B0FBA0C0B9}.Release|Any CPU.Build.0 = Release|Any CPU
	EndGlobalSection
	GlobalSection(SolutionProperties) = preSolution
		HideSolutionNode = FALSE
	EndGlobalSection
	GlobalSection(ExtensibilityGlobals) = postSolution
		SolutionGuid = {45CAE71B-92ED-4E4E-A3E1-6E24A0E39301}
	EndGlobalSection
EndGlobal
